{
  "name": "@porscheinformatik/clr-addons",
  "version": "18.0.4",
  "lockfileVersion": 3,
  "requires": true,
  "packages": {
    "": {
      "name": "@porscheinformatik/clr-addons",
      "version": "18.0.4",
      "license": "MIT",
      "peerDependencies": {
        "@angular/common": "^18.0.0",
        "@angular/compiler": "^18.0.0",
        "@angular/core": "^18.0.0",
        "@cds/core": "6.13.0",
        "@clr/angular": "17.3.0",
        "@clr/ui": "17.3.0"
      }
    },
    "node_modules/@angular/cdk": {
      "version": "18.2.9",
      "resolved": "https://artifactory.porscheinformatik.com/artifactory/api/npm/npm-all/@angular/cdk/-/cdk-18.2.9.tgz",
      "integrity": "sha512-hV2dXpvy2TLwCsRtI/ZXkb2EoaJiellRr+kbcnKwO15LFoz3mTAOhKtsvu7yOyURkaPiI605qiIZrPP4zLL1qw==",
      "peer": true,
      "dependencies": {
        "tslib": "^2.3.0"
      },
      "optionalDependencies": {
        "parse5": "^7.1.2"
      },
      "peerDependencies": {
        "@angular/common": "^18.0.0 || ^19.0.0",
        "@angular/core": "^18.0.0 || ^19.0.0",
        "rxjs": "^6.5.3 || ^7.4.0"
      }
    },
    "node_modules/@angular/common": {
      "version": "18.2.8",
      "resolved": "https://artifactory.porscheinformatik.com/artifactory/api/npm/npm-all/@angular/common/-/common-18.2.8.tgz",
      "integrity": "sha512-TYsKtE5nVaIScWSLGSO34Skc+s3hB/BujSddnfQHoNFvPT/WR0dfmdlpVCTeLj+f50htFoMhW11tW99PbK+whQ==",
      "peer": true,
      "dependencies": {
        "tslib": "^2.3.0"
      },
      "engines": {
        "node": "^18.19.1 || ^20.11.1 || >=22.0.0"
      },
      "peerDependencies": {
        "@angular/core": "18.2.8",
        "rxjs": "^6.5.3 || ^7.4.0"
      }
    },
    "node_modules/@angular/compiler": {
      "version": "18.2.8",
      "resolved": "https://artifactory.porscheinformatik.com/artifactory/api/npm/npm-all/@angular/compiler/-/compiler-18.2.8.tgz",
      "integrity": "sha512-JRedHNfK1CCPVyeGQB5w3WBYqMA6X8Q240CkvjlGfn0pVXihf9DWk3nkSQJVgYxpvpHfxdgjaYZ5IpMzlkmkhw==",
      "peer": true,
      "dependencies": {
        "tslib": "^2.3.0"
      },
      "engines": {
        "node": "^18.19.1 || ^20.11.1 || >=22.0.0"
      },
      "peerDependencies": {
        "@angular/core": "18.2.8"
      },
      "peerDependenciesMeta": {
        "@angular/core": {
          "optional": true
        }
      }
    },
    "node_modules/@angular/core": {
      "version": "18.2.8",
      "resolved": "https://artifactory.porscheinformatik.com/artifactory/api/npm/npm-all/@angular/core/-/core-18.2.8.tgz",
      "integrity": "sha512-NwIuX/Iby1jT6Iv1/s6S3wOFf8xfuQR3MPGvKhGgNtjXLbHG+TXceK9+QPZC0s9/Z8JR/hz+li34B79GrIKgUg==",
      "peer": true,
      "dependencies": {
        "tslib": "^2.3.0"
      },
      "engines": {
        "node": "^18.19.1 || ^20.11.1 || >=22.0.0"
      },
      "peerDependencies": {
        "rxjs": "^6.5.3 || ^7.4.0",
        "zone.js": "~0.14.10"
      }
    },
    "node_modules/@cds/city": {
      "version": "1.1.0",
      "resolved": "https://artifactory.porscheinformatik.com/artifactory/api/npm/npm-all/@cds/city/-/city-1.1.0.tgz",
      "integrity": "sha512-S9K+Q39BGOghyLHmR0Wdcmu1i1noSUk8HcvMj+3IaohZw02WFd99aPTQDHJeseXrXZP3CNovaSlePI0R11NcFg==",
      "optional": true,
      "peer": true
    },
    "node_modules/@cds/core": {
      "version": "6.13.0",
      "resolved": "https://artifactory.porscheinformatik.com/artifactory/api/npm/npm-all/@cds/core/-/core-6.13.0.tgz",
      "integrity": "sha512-Zq6LMfaGNGXpjZdPu0rbb7T41FNVVyNi2D7VUtn+0s2g76liLH1DyWpVYfI2eM7AithlB0SHEhb9Cc6hHAdhZw==",
      "peer": true,
      "dependencies": {
        "lit": "^2.1.3",
        "ramda": "^0.29.0",
        "tslib": "^2.3.1"
      },
      "optionalDependencies": {
        "@cds/city": "^1.1.0",
        "modern-normalize": "1.1.0"
      }
    },
    "node_modules/@clr/angular": {
      "version": "17.3.0",
      "resolved": "https://artifactory.porscheinformatik.com/artifactory/api/npm/npm-all/@clr/angular/-/angular-17.3.0.tgz",
      "integrity": "sha512-qPe2juPskMuARP35swTZqP8jCRFAUg90n+T6146XKMAoSVL4czUMPxY9QIPoh2xnYhnokCcNZFNhlXtE4Mi21g==",
      "peer": true,
      "dependencies": {
        "tslib": "^2.3.0"
      },
      "peerDependencies": {
        "@angular/cdk": "15 || 16 || 17 || 18",
        "@angular/common": "15 || 16 || 17 || 18",
        "@angular/core": "15 || 16 || 17 || 18",
        "@cds/core": ">= 6.9.2",
        "@clr/ui": "17.3.0"
      }
    },
    "node_modules/@clr/ui": {
      "version": "17.3.0",
      "resolved": "https://artifactory.porscheinformatik.com/artifactory/api/npm/npm-all/@clr/ui/-/ui-17.3.0.tgz",
      "integrity": "sha512-oDk7EcNJGaQ2Mm2e9Vshnnzhy64KpzTtxYMZEcjz+xUOINl+M3dzs7v1hQCAXf1PW0TLgJr2F85Vfw6npJ+5dg==",
      "peer": true,
      "peerDependencies": {
        "@cds/core": "^6.9.2"
      }
    },
    "node_modules/@lit-labs/ssr-dom-shim": {
      "version": "1.2.1",
      "resolved": "https://artifactory.porscheinformatik.com/artifactory/api/npm/npm-all/@lit-labs/ssr-dom-shim/-/ssr-dom-shim-1.2.1.tgz",
      "integrity": "sha512-wx4aBmgeGvFmOKucFKY+8VFJSYZxs9poN3SDNQFF6lT6NrQUnHiPB2PWz2sc4ieEcAaYYzN+1uWahEeTq2aRIQ==",
      "peer": true
    },
    "node_modules/@lit/reactive-element": {
      "version": "1.6.3",
      "resolved": "https://artifactory.porscheinformatik.com/artifactory/api/npm/npm-all/@lit/reactive-element/-/reactive-element-1.6.3.tgz",
      "integrity": "sha512-QuTgnG52Poic7uM1AN5yJ09QMe0O28e10XzSvWDz02TJiiKee4stsiownEIadWm8nYzyDAyT+gKzUoZmiWQtsQ==",
      "peer": true,
      "dependencies": {
        "@lit-labs/ssr-dom-shim": "^1.0.0"
      }
    },
    "node_modules/@types/trusted-types": {
      "version": "2.0.7",
      "resolved": "https://artifactory.porscheinformatik.com/artifactory/api/npm/npm-all/@types/trusted-types/-/trusted-types-2.0.7.tgz",
      "integrity": "sha512-ScaPdn1dQczgbl0QFTeTOmVHFULt394XJgOQNoyVhZ6r2vLnMLJfBPd53SB52T/3G36VI1/g2MZaX0cwDuXsfw==",
      "peer": true
    },
    "node_modules/entities": {
      "version": "4.5.0",
      "resolved": "https://artifactory.porscheinformatik.com/artifactory/api/npm/npm-all/entities/-/entities-4.5.0.tgz",
      "integrity": "sha512-V0hjH4dGPh9Ao5p0MoRY6BVqtwCjhz6vI5LT8AJ55H+4g9/4vbHx1I54fS0XuclLhDHArPQCiMjDxjaL8fPxhw==",
      "optional": true,
      "peer": true,
      "engines": {
        "node": ">=0.12"
      }
    },
    "node_modules/lit": {
      "version": "2.8.0",
      "resolved": "https://artifactory.porscheinformatik.com/artifactory/api/npm/npm-all/lit/-/lit-2.8.0.tgz",
      "integrity": "sha512-4Sc3OFX9QHOJaHbmTMk28SYgVxLN3ePDjg7hofEft2zWlehFL3LiAuapWc4U/kYwMYJSh2hTCPZ6/LIC7ii0MA==",
      "peer": true,
      "dependencies": {
        "@lit/reactive-element": "^1.6.0",
        "lit-element": "^3.3.0",
        "lit-html": "^2.8.0"
      }
    },
    "node_modules/lit-element": {
      "version": "3.3.3",
      "resolved": "https://artifactory.porscheinformatik.com/artifactory/api/npm/npm-all/lit-element/-/lit-element-3.3.3.tgz",
      "integrity": "sha512-XbeRxmTHubXENkV4h8RIPyr8lXc+Ff28rkcQzw3G6up2xg5E8Zu1IgOWIwBLEQsu3cOVFqdYwiVi0hv0SlpqUA==",
      "peer": true,
      "dependencies": {
        "@lit-labs/ssr-dom-shim": "^1.1.0",
        "@lit/reactive-element": "^1.3.0",
        "lit-html": "^2.8.0"
      }
    },
    "node_modules/lit-html": {
      "version": "2.8.0",
      "resolved": "https://artifactory.porscheinformatik.com/artifactory/api/npm/npm-all/lit-html/-/lit-html-2.8.0.tgz",
      "integrity": "sha512-o9t+MQM3P4y7M7yNzqAyjp7z+mQGa4NS4CxiyLqFPyFWyc4O+nodLrkrxSaCTrla6M5YOLaT3RpbbqjszB5g3Q==",
      "peer": true,
      "dependencies": {
        "@types/trusted-types": "^2.0.2"
      }
    },
    "node_modules/modern-normalize": {
      "version": "1.1.0",
      "resolved": "https://artifactory.porscheinformatik.com/artifactory/api/npm/npm-all/modern-normalize/-/modern-normalize-1.1.0.tgz",
      "integrity": "sha512-2lMlY1Yc1+CUy0gw4H95uNN7vjbpoED7NNRSBHE25nWfLBdmMzFCsPshlzbxHz+gYMcBEUN8V4pU16prcdPSgA==",
      "optional": true,
      "peer": true,
      "engines": {
        "node": ">=6"
      }
    },
    "node_modules/parse5": {
      "version": "7.2.0",
      "resolved": "https://artifactory.porscheinformatik.com/artifactory/api/npm/npm-all/parse5/-/parse5-7.2.0.tgz",
      "integrity": "sha512-ZkDsAOcxsUMZ4Lz5fVciOehNcJ+Gb8gTzcA4yl3wnc273BAybYWrQ+Ks/OjCjSEpjvQkDSeZbybK9qj2VHHdGA==",
      "optional": true,
      "peer": true,
      "dependencies": {
        "entities": "^4.5.0"
      }
    },
    "node_modules/ramda": {
      "version": "0.29.1",
      "resolved": "https://artifactory.porscheinformatik.com/artifactory/api/npm/npm-all/ramda/-/ramda-0.29.1.tgz",
      "integrity": "sha512-OfxIeWzd4xdUNxlWhgFazxsA/nl3mS4/jGZI5n00uWOoSSFRhC1b6gl6xvmzUamgmqELraWp0J/qqVlXYPDPyA==",
      "peer": true
    },
    "node_modules/rxjs": {
      "version": "7.8.1",
      "resolved": "https://artifactory.porscheinformatik.com/artifactory/api/npm/npm-all/rxjs/-/rxjs-7.8.1.tgz",
      "integrity": "sha512-AA3TVj+0A2iuIoQkWEK/tqFjBq2j+6PO6Y0zJcvzLAFhEFIO3HL0vls9hWLncZbAAbK0mar7oZ4V079I/qPMxg==",
      "peer": true,
      "dependencies": {
        "tslib": "^2.1.0"
      }
    },
    "node_modules/tslib": {
      "version": "2.8.0",
      "resolved": "https://artifactory.porscheinformatik.com/artifactory/api/npm/npm-all/tslib/-/tslib-2.8.0.tgz",
      "integrity": "sha512-jWVzBLplnCmoaTr13V9dYbiQ99wvZRd0vNWaDRg+aVYRcjDF3nDksxFDE/+fkXnKhpnUUkmx5pK/v8mCtLVqZA==",
      "peer": true
    },
    "node_modules/zone.js": {
      "version": "0.14.10",
      "resolved": "https://artifactory.porscheinformatik.com/artifactory/api/npm/npm-all/zone.js/-/zone.js-0.14.10.tgz",
      "integrity": "sha512-YGAhaO7J5ywOXW6InXNlLmfU194F8lVgu7bRntUF3TiG8Y3nBK0x1UJJuHUP/e8IyihkjCYqhCScpSwnlaSRkQ==",
      "peer": true
    }
  }
}
